
Microsoft Visual Studio Solution File, Format Version 12.00
# Visual Studio Version 16
VisualStudioVersion = 16.0.30804.86
MinimumVisualStudioVersion = 10.0.40219.1
Project("{FAE04EC0-301F-11D3-BF4B-00C04F79EFBC}") = "TextBoxForm", "TextBoxForm\TextBoxForm.csproj", "{4067A86A-9A58-4A96-9E7A-FD57DCF0FF1F}"
EndProject
Project("{FAE04EC0-301F-11D3-BF4B-00C04F79EFBC}") = "ListControl", "ListControl\ListControl.csproj", "{88D99EE7-7960-45E4-8808-067366E06B72}"
EndProject
Project("{FAE04EC0-301F-11D3-BF4B-00C04F79EFBC}") = "ValidationDemo", "ValidationDemo\ValidationDemo.csproj", "{471DF2D9-DDCC-4048-8498-1D509002F6BA}"
EndProject
Global
	GlobalSection(SolutionConfigurationPlatforms) = preSolution
		Debug|Any CPU = Debug|Any CPU
		Release|Any CPU = Release|Any CPU
	EndGlobalSection
	GlobalSection(ProjectConfigurationPlatforms) = postSolution
		{4067A86A-9A58-4A96-9E7A-FD57DCF0FF1F}.Debug|Any CPU.ActiveCfg = Debug|Any CPU
		{4067A86A-9A58-4A96-9E7A-FD57DCF0FF1F}.Debug|Any CPU.Build.0 = Debug|Any CPU
		{4067A86A-9A58-4A96-9E7A-FD57DCF0FF1F}.Release|Any CPU.ActiveCfg = Release|Any CPU
		{4067A86A-9A58-4A96-9E7A-FD57DCF0FF1F}.Release|Any CPU.Build.0 = Release|Any CPU
		{88D99EE7-7960-45E4-8808-067366E06B72}.Debug|Any CPU.ActiveCfg = Debug|Any CPU
		{88D99EE7-7960-45E4-8808-067366E06B72}.Debug|Any CPU.Build.0 = Debug|Any CPU
		{88D99EE7-7960-45E4-8808-067366E06B72}.Release|Any CPU.ActiveCfg = Release|Any CPU
		{88D99EE7-7960-45E4-8808-067366E06B72}.Release|Any CPU.Build.0 = Release|Any CPU
		{471DF2D9-DDCC-4048-8498-1D509002F6BA}.Debug|Any CPU.ActiveCfg = Debug|Any CPU
		{471DF2D9-DDCC-4048-8498-1D509002F6BA}.Debug|Any CPU.Build.0 = Debug|Any CPU
		{471DF2D9-DDCC-4048-8498-1D509002F6BA}.Release|Any CPU.ActiveCfg = Release|Any CPU
		{471DF2D9-DDCC-4048-8498-1D509002F6BA}.Release|Any CPU.Build.0 = Release|Any CPU
	EndGlobalSection
	GlobalSection(SolutionProperties) = preSolution
		HideSolutionNode = FALSE
	EndGlobalSection
	GlobalSection(ExtensibilityGlobals) = postSolution
		SolutionGuid = {30405AAC-D5C5-48C3-8D6E-0F2113694D18}
	EndGlobalSection
EndGlobal
