
Microsoft Visual Studio Solution File, Format Version 12.00
# Visual Studio Version 16
VisualStudioVersion = 16.0.30804.86
MinimumVisualStudioVersion = 10.0.40219.1
Project("{FAE04EC0-301F-11D3-BF4B-00C04F79EFBC}") = "Lab3", "Lab3\Lab3.csproj", "{FB23E7F3-D143-4F34-B91D-D407CE65C8EA}"
EndProject
Global
	GlobalSection(SolutionConfigurationPlatforms) = preSolution
		Debug|Any CPU = Debug|Any CPU
		Release|Any CPU = Release|Any CPU
	EndGlobalSection
	GlobalSection(ProjectConfigurationPlatforms) = postSolution
		{FB23E7F3-D143-4F34-B91D-D407CE65C8EA}.Debug|Any CPU.ActiveCfg = Debug|Any CPU
		{FB23E7F3-D143-4F34-B91D-D407CE65C8EA}.Debug|Any CPU.Build.0 = Debug|Any CPU
		{FB23E7F3-D143-4F34-B91D-D407CE65C8EA}.Release|Any CPU.ActiveCfg = Release|Any CPU
		{FB23E7F3-D143-4F34-B91D-D407CE65C8EA}.Release|Any CPU.Build.0 = Release|Any CPU
	EndGlobalSection
	GlobalSection(SolutionProperties) = preSolution
		HideSolutionNode = FALSE
	EndGlobalSection
	GlobalSection(ExtensibilityGlobals) = postSolution
		SolutionGuid = {7E45A03C-6D7A-4041-8C02-0983F581A9ED}
	EndGlobalSection
EndGlobal
